// !$*UTF8*$!
{
	archiveVersion = 1;
	classes = {
	};
	objectVersion = 50;
	objects = {

/* Begin PBXBuildFile section */
		40E137F1A77F8DFC1C97CFFD /* Pods_DynamicHeightBanner.framework in Frameworks */ = {isa = PBXBuildFile; fileRef = 7B454467E296283683C73D8F /* Pods_DynamicHeightBanner.framework */; };
		A49A682821D731940002FA54 /* AppDelegate.swift in Sources */ = {isa = PBXBuildFile; fileRef = A49A682721D731940002FA54 /* AppDelegate.swift */; };
		A49A682A21D731940002FA54 /* ViewController.swift in Sources */ = {isa = PBXBuildFile; fileRef = A49A682921D731940002FA54 /* ViewController.swift */; };
		A49A682D21D731940002FA54 /* Main.storyboard in Resources */ = {isa = PBXBuildFile; fileRef = A49A682B21D731940002FA54 /* Main.storyboard */; };
		A49A682F21D731960002FA54 /* Assets.xcassets in Resources */ = {isa = PBXBuildFile; fileRef = A49A682E21D731960002FA54 /* Assets.xcassets */; };
		A49A683221D731960002FA54 /* LaunchScreen.storyboard in Resources */ = {isa = PBXBuildFile; fileRef = A49A683021D731960002FA54 /* LaunchScreen.storyboard */; };
		A49A683B21D732110002FA54 /* DynamicHeightProtocol.swift in Sources */ = {isa = PBXBuildFile; fileRef = A49A683A21D732110002FA54 /* DynamicHeightProtocol.swift */; };
		A49A683D21D7334C0002FA54 /* DyHeightBannerCell.swift in Sources */ = {isa = PBXBuildFile; fileRef = A49A683C21D7334C0002FA54 /* DyHeightBannerCell.swift */; };
		A49A683F21D734490002FA54 /* DyBannerModel.swift in Sources */ = {isa = PBXBuildFile; fileRef = A49A683E21D734490002FA54 /* DyBannerModel.swift */; };
		A49A684121D743C50002FA54 /* DyHeightBannerView.swift in Sources */ = {isa = PBXBuildFile; fileRef = A49A684021D743C50002FA54 /* DyHeightBannerView.swift */; };
		A4AC71C6222FDFD7003FCFC2 /* bannnner.gif in Resources */ = {isa = PBXBuildFile; fileRef = A4AC71C5222FDFD7003FCFC2 /* bannnner.gif */; };
		A4AC71C8222FDFDC003FCFC2 /* imagebanner.gif in Resources */ = {isa = PBXBuildFile; fileRef = A4AC71C7222FDFDC003FCFC2 /* imagebanner.gif */; };
		A4E9DAD721DC8B5E00462FDD /* DyPageDotView.swift in Sources */ = {isa = PBXBuildFile; fileRef = A4E9DAD621DC8B5E00462FDD /* DyPageDotView.swift */; };
		A4E9DAD921DC9DB600462FDD /* README.md in Resources */ = {isa = PBXBuildFile; fileRef = A4E9DAD821DC9DB600462FDD /* README.md */; };
/* End PBXBuildFile section */

/* Begin PBXFileReference section */
		2DD6C4A555FBE0F2BDC97495 /* Pods-DynamicHeightBanner.release.xcconfig */ = {isa = PBXFileReference; includeInIndex = 1; lastKnownFileType = text.xcconfig; name = "Pods-DynamicHeightBanner.release.xcconfig"; path = "Pods/Target Support Files/Pods-DynamicHeightBanner/Pods-DynamicHeightBanner.release.xcconfig"; sourceTree = "<group>"; };
		7B454467E296283683C73D8F /* Pods_DynamicHeightBanner.framework */ = {isa = PBXFileReference; explicitFileType = wrapper.framework; includeInIndex = 0; path = Pods_DynamicHeightBanner.framework; sourceTree = BUILT_PRODUCTS_DIR; };
		A49A682421D731940002FA54 /* DynamicHeightBanner.app */ = {isa = PBXFileReference; explicitFileType = wrapper.application; includeInIndex = 0; path = DynamicHeightBanner.app; sourceTree = BUILT_PRODUCTS_DIR; };
		A49A682721D731940002FA54 /* AppDelegate.swift */ = {isa = PBXFileReference; lastKnownFileType = sourcecode.swift; path = AppDelegate.swift; sourceTree = "<group>"; };
		A49A682921D731940002FA54 /* ViewController.swift */ = {isa = PBXFileReference; lastKnownFileType = sourcecode.swift; path = ViewController.swift; sourceTree = "<group>"; };
		A49A682C21D731940002FA54 /* Base */ = {isa = PBXFileReference; lastKnownFileType = file.storyboard; name = Base; path = Base.lproj/Main.storyboard; sourceTree = "<group>"; };
		A49A682E21D731960002FA54 /* Assets.xcassets */ = {isa = PBXFileReference; lastKnownFileType = folder.assetcatalog; path = Assets.xcassets; sourceTree = "<group>"; };
		A49A683121D731960002FA54 /* Base */ = {isa = PBXFileReference; lastKnownFileType = file.storyboard; name = Base; path = Base.lproj/LaunchScreen.storyboard; sourceTree = "<group>"; };
		A49A683321D731960002FA54 /* Info.plist */ = {isa = PBXFileReference; lastKnownFileType = text.plist.xml; path = Info.plist; sourceTree = "<group>"; };
		A49A683A21D732110002FA54 /* DynamicHeightProtocol.swift */ = {isa = PBXFileReference; lastKnownFileType = sourcecode.swift; path = DynamicHeightProtocol.swift; sourceTree = "<group>"; };
		A49A683C21D7334C0002FA54 /* DyHeightBannerCell.swift */ = {isa = PBXFileReference; lastKnownFileType = sourcecode.swift; path = DyHeightBannerCell.swift; sourceTree = "<group>"; };
		A49A683E21D734490002FA54 /* DyBannerModel.swift */ = {isa = PBXFileReference; lastKnownFileType = sourcecode.swift; path = DyBannerModel.swift; sourceTree = "<group>"; };
		A49A684021D743C50002FA54 /* DyHeightBannerView.swift */ = {isa = PBXFileReference; lastKnownFileType = sourcecode.swift; path = DyHeightBannerView.swift; sourceTree = "<group>"; };
		A4AC71C5222FDFD7003FCFC2 /* bannnner.gif */ = {isa = PBXFileReference; lastKnownFileType = image.gif; path = bannnner.gif; sourceTree = "<group>"; };
		A4AC71C7222FDFDC003FCFC2 /* imagebanner.gif */ = {isa = PBXFileReference; lastKnownFileType = image.gif; path = imagebanner.gif; sourceTree = "<group>"; };
		A4E9DAD621DC8B5E00462FDD /* DyPageDotView.swift */ = {isa = PBXFileReference; lastKnownFileType = sourcecode.swift; path = DyPageDotView.swift; sourceTree = "<group>"; };
		A4E9DAD821DC9DB600462FDD /* README.md */ = {isa = PBXFileReference; fileEncoding = 4; lastKnownFileType = net.daringfireball.markdown; path = README.md; sourceTree = "<group>"; };
		E5032A05A3AB09F38ECAF5B0 /* Pods-DynamicHeightBanner.debug.xcconfig */ = {isa = PBXFileReference; includeInIndex = 1; lastKnownFileType = text.xcconfig; name = "Pods-DynamicHeightBanner.debug.xcconfig"; path = "Pods/Target Support Files/Pods-DynamicHeightBanner/Pods-DynamicHeightBanner.debug.xcconfig"; sourceTree = "<group>"; };
/* End PBXFileReference section */

/* Begin PBXFrameworksBuildPhase section */
		A49A682121D731940002FA54 /* Frameworks */ = {
			isa = PBXFrameworksBuildPhase;
			buildActionMask = 2147483647;
			files = (
				40E137F1A77F8DFC1C97CFFD /* Pods_DynamicHeightBanner.framework in Frameworks */,
			);
			runOnlyForDeploymentPostprocessing = 0;
		};
/* End PBXFrameworksBuildPhase section */

/* Begin PBXGroup section */
		9BB8CCB7BC42107D5EEBF1A4 /* Pods */ = {
			isa = PBXGroup;
			children = (
				E5032A05A3AB09F38ECAF5B0 /* Pods-DynamicHeightBanner.debug.xcconfig */,
				2DD6C4A555FBE0F2BDC97495 /* Pods-DynamicHeightBanner.release.xcconfig */,
			);
			name = Pods;
			sourceTree = "<group>";
		};
		A49A681B21D731940002FA54 = {
			isa = PBXGroup;
			children = (
				A49A682621D731940002FA54 /* DynamicHeightBanner */,
				A49A682521D731940002FA54 /* Products */,
				9BB8CCB7BC42107D5EEBF1A4 /* Pods */,
				C86AF04D65632FF0A9DE1A7D /* Frameworks */,
			);
			sourceTree = "<group>";
		};
		A49A682521D731940002FA54 /* Products */ = {
			isa = PBXGroup;
			children = (
				A49A682421D731940002FA54 /* DynamicHeightBanner.app */,
			);
			name = Products;
			sourceTree = "<group>";
		};
		A49A682621D731940002FA54 /* DynamicHeightBanner */ = {
			isa = PBXGroup;
			children = (
				A4AC71C7222FDFDC003FCFC2 /* imagebanner.gif */,
				A4AC71C5222FDFD7003FCFC2 /* bannnner.gif */,
				A49A683921D731AF0002FA54 /* DynamicHeightBannerLib */,
				A49A682721D731940002FA54 /* AppDelegate.swift */,
				A49A682921D731940002FA54 /* ViewController.swift */,
				A49A682B21D731940002FA54 /* Main.storyboard */,
				A49A682E21D731960002FA54 /* Assets.xcassets */,
				A49A683021D731960002FA54 /* LaunchScreen.storyboard */,
				A49A683321D731960002FA54 /* Info.plist */,
			);
			path = DynamicHeightBanner;
			sourceTree = "<group>";
		};
		A49A683921D731AF0002FA54 /* DynamicHeightBannerLib */ = {
			isa = PBXGroup;
			children = (
				A4E9DAD821DC9DB600462FDD /* README.md */,
				A49A683A21D732110002FA54 /* DynamicHeightProtocol.swift */,
				A49A683C21D7334C0002FA54 /* DyHeightBannerCell.swift */,
				A49A683E21D734490002FA54 /* DyBannerModel.swift */,
				A49A684021D743C50002FA54 /* DyHeightBannerView.swift */,
				A4E9DAD621DC8B5E00462FDD /* DyPageDotView.swift */,
			);
			path = DynamicHeightBannerLib;
			sourceTree = "<group>";
		};
		C86AF04D65632FF0A9DE1A7D /* Frameworks */ = {
			isa = PBXGroup;
			children = (
				7B454467E296283683C73D8F /* Pods_DynamicHeightBanner.framework */,
			);
			name = Frameworks;
			sourceTree = "<group>";
		};
/* End PBXGroup section */

/* Begin PBXNativeTarget section */
		A49A682321D731940002FA54 /* DynamicHeightBanner */ = {
			isa = PBXNativeTarget;
			buildConfigurationList = A49A683621D731960002FA54 /* Build configuration list for PBXNativeTarget "DynamicHeightBanner" */;
			buildPhases = (
				6297CA0CF3F13831B2A1F602 /* [CP] Check Pods Manifest.lock */,
				A49A682021D731940002FA54 /* Sources */,
				A49A682121D731940002FA54 /* Frameworks */,
				A49A682221D731940002FA54 /* Resources */,
				1DC9D7C8152CE3FFB82AFD7A /* [CP] Embed Pods Frameworks */,
				EC236321143897BE8180D259 /* [CP] Copy Pods Resources */,
			);
			buildRules = (
			);
			dependencies = (
			);
			name = DynamicHeightBanner;
			productName = DynamicHeightBanner;
			productReference = A49A682421D731940002FA54 /* DynamicHeightBanner.app */;
			productType = "com.apple.product-type.application";
		};
/* End PBXNativeTarget section */

/* Begin PBXProject section */
		A49A681C21D731940002FA54 /* Project object */ = {
			isa = PBXProject;
			attributes = {
				LastSwiftUpdateCheck = 1010;
				LastUpgradeCheck = 1010;
				ORGANIZATIONNAME = ShuShangYun;
				TargetAttributes = {
					A49A682321D731940002FA54 = {
						CreatedOnToolsVersion = 10.1;
					};
				};
			};
			buildConfigurationList = A49A681F21D731940002FA54 /* Build configuration list for PBXProject "DynamicHeightBanner" */;
			compatibilityVersion = "Xcode 9.3";
			developmentRegion = en;
			hasScannedForEncodings = 0;
			knownRegions = (
				en,
				Base,
			);
			mainGroup = A49A681B21D731940002FA54;
			productRefGroup = A49A682521D731940002FA54 /* Products */;
			projectDirPath = "";
			projectRoot = "";
			targets = (
				A49A682321D731940002FA54 /* DynamicHeightBanner */,
			);
		};
/* End PBXProject section */

/* Begin PBXResourcesBuildPhase section */
		A49A682221D731940002FA54 /* Resources */ = {
			isa = PBXResourcesBuildPhase;
			buildActionMask = 2147483647;
			files = (
				A4AC71C6222FDFD7003FCFC2 /* bannnner.gif in Resources */,
				A49A683221D731960002FA54 /* LaunchScreen.storyboard in Resources */,
				A49A682F21D731960002FA54 /* Assets.xcassets in Resources */,
				A4E9DAD921DC9DB600462FDD /* README.md in Resources */,
				A4AC71C8222FDFDC003FCFC2 /* imagebanner.gif in Resources */,
				A49A682D21D731940002FA54 /* Main.storyboard in Resources */,
			);
			runOnlyForDeploymentPostprocessing = 0;
		};
/* End PBXResourcesBuildPhase section */

/* Begin PBXShellScriptBuildPhase section */
		1DC9D7C8152CE3FFB82AFD7A /* [CP] Embed Pods Frameworks */ = {
			isa = PBXShellScriptBuildPhase;
			buildActionMask = 2147483647;
			files = (
			);
			inputPaths = (
				"${SRCROOT}/Pods/Target Support Files/Pods-DynamicHeightBanner/Pods-DynamicHeightBanner-frameworks.sh",
				"${BUILT_PRODUCTS_DIR}/Kingfisher/Kingfisher.framework",
				"${BUILT_PRODUCTS_DIR}/SnapKit/SnapKit.framework",
			);
			name = "[CP] Embed Pods Frameworks";
			outputPaths = (
				"${TARGET_BUILD_DIR}/${FRAMEWORKS_FOLDER_PATH}/Kingfisher.framework",
				"${TARGET_BUILD_DIR}/${FRAMEWORKS_FOLDER_PATH}/SnapKit.framework",
			);
			runOnlyForDeploymentPostprocessing = 0;
			shellPath = /bin/sh;
			shellScript = "\"${SRCROOT}/Pods/Target Support Files/Pods-DynamicHeightBanner/Pods-DynamicHeightBanner-frameworks.sh\"\n";
			showEnvVarsInLog = 0;
		};
		6297CA0CF3F13831B2A1F602 /* [CP] Check Pods Manifest.lock */ = {
			isa = PBXShellScriptBuildPhase;
			buildActionMask = 2147483647;
			files = (
			);
			inputPaths = (
				"${PODS_PODFILE_DIR_PATH}/Podfile.lock",
				"${PODS_ROOT}/Manifest.lock",
			);
			name = "[CP] Check Pods Manifest.lock";
			outputPaths = (
				"$(DERIVED_FILE_DIR)/Pods-DynamicHeightBanner-checkManifestLockResult.txt",
			);
			runOnlyForDeploymentPostprocessing = 0;
			shellPath = /bin/sh;
			shellScript = "diff \"${PODS_PODFILE_DIR_PATH}/Podfile.lock\" \"${PODS_ROOT}/Manifest.lock\" > /dev/null\nif [ $? != 0 ] ; then\n    # print error to STDERR\n    echo \"error: The sandbox is not in sync with the Podfile.lock. Run 'pod install' or update your CocoaPods installation.\" >&2\n    exit 1\nfi\n# This output is used by Xcode 'outputs' to avoid re-running this script phase.\necho \"SUCCESS\" > \"${SCRIPT_OUTPUT_FILE_0}\"\n";
			showEnvVarsInLog = 0;
		};
		EC236321143897BE8180D259 /* [CP] Copy Pods Resources */ = {
			isa = PBXShellScriptBuildPhase;
			buildActionMask = 2147483647;
			files = (
			);
			inputPaths = (
			);
			name = "[CP] Copy Pods Resources";
			outputPaths = (
			);
			runOnlyForDeploymentPostprocessing = 0;
			shellPath = /bin/sh;
			shellScript = "\"${SRCROOT}/Pods/Target Support Files/Pods-DynamicHeightBanner/Pods-DynamicHeightBanner-resources.sh\"\n";
			showEnvVarsInLog = 0;
		};
/* End PBXShellScriptBuildPhase section */

/* Begin PBXSourcesBuildPhase section */
		A49A682021D731940002FA54 /* Sources */ = {
			isa = PBXSourcesBuildPhase;
			buildActionMask = 2147483647;
			files = (
				A49A683F21D734490002FA54 /* DyBannerModel.swift in Sources */,
				A49A682A21D731940002FA54 /* ViewController.swift in Sources */,
				A49A684121D743C50002FA54 /* DyHeightBannerView.swift in Sources */,
				A4E9DAD721DC8B5E00462FDD /* DyPageDotView.swift in Sources */,
				A49A683B21D732110002FA54 /* DynamicHeightProtocol.swift in Sources */,
				A49A682821D731940002FA54 /* AppDelegate.swift in Sources */,
				A49A683D21D7334C0002FA54 /* DyHeightBannerCell.swift in Sources */,
			);
			runOnlyForDeploymentPostprocessing = 0;
		};
/* End PBXSourcesBuildPhase section */

/* Begin PBXVariantGroup section */
		A49A682B21D731940002FA54 /* Main.storyboard */ = {
			isa = PBXVariantGroup;
			children = (
				A49A682C21D731940002FA54 /* Base */,
			);
			name = Main.storyboard;
			sourceTree = "<group>";
		};
		A49A683021D731960002FA54 /* LaunchScreen.storyboard */ = {
			isa = PBXVariantGroup;
			children = (
				A49A683121D731960002FA54 /* Base */,
			);
			name = LaunchScreen.storyboard;
			sourceTree = "<group>";
		};
/* End PBXVariantGroup section */

/* Begin XCBuildConfiguration section */
		A49A683421D731960002FA54 /* Debug */ = {
			isa = XCBuildConfiguration;
			buildSettings = {
				ALWAYS_SEARCH_USER_PATHS = NO;
				CLANG_ANALYZER_NONNULL = YES;
				CLANG_ANALYZER_NUMBER_OBJECT_CONVERSION = YES_AGGRESSIVE;
				CLANG_CXX_LANGUAGE_STANDARD = "gnu++14";
				CLANG_CXX_LIBRARY = "libc++";
				CLANG_ENABLE_MODULES = YES;
				CLANG_ENABLE_OBJC_ARC = YES;
				CLANG_ENABLE_OBJC_WEAK = YES;
				CLANG_WARN_BLOCK_CAPTURE_AUTORELEASING = YES;
				CLANG_WARN_BOOL_CONVERSION = YES;
				CLANG_WARN_COMMA = YES;
				CLANG_WARN_CONSTANT_CONVERSION = YES;
				CLANG_WARN_DEPRECATED_OBJC_IMPLEMENTATIONS = YES;
				CLANG_WARN_DIRECT_OBJC_ISA_USAGE = YES_ERROR;
				CLANG_WARN_DOCUMENTATION_COMMENTS = YES;
				CLANG_WARN_EMPTY_BODY = YES;
				CLANG_WARN_ENUM_CONVERSION = YES;
				CLANG_WARN_INFINITE_RECURSION = YES;
				CLANG_WARN_INT_CONVERSION = YES;
				CLANG_WARN_NON_LITERAL_NULL_CONVERSION = YES;
				CLANG_WARN_OBJC_IMPLICIT_RETAIN_SELF = YES;
				CLANG_WARN_OBJC_LITERAL_CONVERSION = YES;
				CLANG_WARN_OBJC_ROOT_CLASS = YES_ERROR;
				CLANG_WARN_RANGE_LOOP_ANALYSIS = YES;
				CLANG_WARN_STRICT_PROTOTYPES = YES;
				CLANG_WARN_SUSPICIOUS_MOVE = YES;
				CLANG_WARN_UNGUARDED_AVAILABILITY = YES_AGGRESSIVE;
				CLANG_WARN_UNREACHABLE_CODE = YES;
				CLANG_WARN__DUPLICATE_METHOD_MATCH = YES;
				CODE_SIGN_IDENTITY = "iPhone Developer";
				COPY_PHASE_STRIP = NO;
				DEBUG_INFORMATION_FORMAT = dwarf;
				ENABLE_STRICT_OBJC_MSGSEND = YES;
				ENABLE_TESTABILITY = YES;
				GCC_C_LANGUAGE_STANDARD = gnu11;
				GCC_DYNAMIC_NO_PIC = NO;
				GCC_NO_COMMON_BLOCKS = YES;
				GCC_OPTIMIZATION_LEVEL = 0;
				GCC_PREPROCESSOR_DEFINITIONS = (
					"DEBUG=1",
					"$(inherited)",
				);
				GCC_WARN_64_TO_32_BIT_CONVERSION = YES;
				GCC_WARN_ABOUT_RETURN_TYPE = YES_ERROR;
				GCC_WARN_UNDECLARED_SELECTOR = YES;
				GCC_WARN_UNINITIALIZED_AUTOS = YES_AGGRESSIVE;
				GCC_WARN_UNUSED_FUNCTION = YES;
				GCC_WARN_UNUSED_VARIABLE = YES;
				IPHONEOS_DEPLOYMENT_TARGET = 12.1;
				MTL_ENABLE_DEBUG_INFO = INCLUDE_SOURCE;
				MTL_FAST_MATH = YES;
				ONLY_ACTIVE_ARCH = YES;
				SDKROOT = iphoneos;
				SWIFT_ACTIVE_COMPILATION_CONDITIONS = DEBUG;
				SWIFT_OPTIMIZATION_LEVEL = "-Onone";
			};
			name = Debug;
		};
		A49A683521D731960002FA54 /* Release */ = {
			isa = XCBuildConfiguration;
			buildSettings = {
				ALWAYS_SEARCH_USER_PATHS = NO;
				CLANG_ANALYZER_NONNULL = YES;
				CLANG_ANALYZER_NUMBER_OBJECT_CONVERSION = YES_AGGRESSIVE;
				CLANG_CXX_LANGUAGE_STANDARD = "gnu++14";
				CLANG_CXX_LIBRARY = "libc++";
				CLANG_ENABLE_MODULES = YES;
				CLANG_ENABLE_OBJC_ARC = YES;
				CLANG_ENABLE_OBJC_WEAK = YES;
				CLANG_WARN_BLOCK_CAPTURE_AUTORELEASING = YES;
				CLANG_WARN_BOOL_CONVERSION = YES;
				CLANG_WARN_COMMA = YES;
				CLANG_WARN_CONSTANT_CONVERSION = YES;
				CLANG_WARN_DEPRECATED_OBJC_IMPLEMENTATIONS = YES;
				CLANG_WARN_DIRECT_OBJC_ISA_USAGE = YES_ERROR;
				CLANG_WARN_DOCUMENTATION_COMMENTS = YES;
				CLANG_WARN_EMPTY_BODY = YES;
				CLANG_WARN_ENUM_CONVERSION = YES;
				CLANG_WARN_INFINITE_RECURSION = YES;
				CLANG_WARN_INT_CONVERSION = YES;
				CLANG_WARN_NON_LITERAL_NULL_CONVERSION = YES;
				CLANG_WARN_OBJC_IMPLICIT_RETAIN_SELF = YES;
				CLANG_WARN_OBJC_LITERAL_CONVERSION = YES;
				CLANG_WARN_OBJC_ROOT_CLASS = YES_ERROR;
				CLANG_WARN_RANGE_LOOP_ANALYSIS = YES;
				CLANG_WARN_STRICT_PROTOTYPES = YES;
				CLANG_WARN_SUSPICIOUS_MOVE = YES;
				CLANG_WARN_UNGUARDED_AVAILABILITY = YES_AGGRESSIVE;
				CLANG_WARN_UNREACHABLE_CODE = YES;
				CLANG_WARN__DUPLICATE_METHOD_MATCH = YES;
				CODE_SIGN_IDENTITY = "iPhone Developer";
				COPY_PHASE_STRIP = NO;
				DEBUG_INFORMATION_FORMAT = "dwarf-with-dsym";
				ENABLE_NS_ASSERTIONS = NO;
				ENABLE_STRICT_OBJC_MSGSEND = YES;
				GCC_C_LANGUAGE_STANDARD = gnu11;
				GCC_NO_COMMON_BLOCKS = YES;
				GCC_WARN_64_TO_32_BIT_CONVERSION = YES;
				GCC_WARN_ABOUT_RETURN_TYPE = YES_ERROR;
				GCC_WARN_UNDECLARED_SELECTOR = YES;
				GCC_WARN_UNINITIALIZED_AUTOS = YES_AGGRESSIVE;
				GCC_WARN_UNUSED_FUNCTION = YES;
				GCC_WARN_UNUSED_VARIABLE = YES;
				IPHONEOS_DEPLOYMENT_TARGET = 12.1;
				MTL_ENABLE_DEBUG_INFO = NO;
				MTL_FAST_MATH = YES;
				SDKROOT = iphoneos;
				SWIFT_COMPILATION_MODE = wholemodule;
				SWIFT_OPTIMIZATION_LEVEL = "-O";
				VALIDATE_PRODUCT = YES;
			};
			name = Release;
		};
		A49A683721D731960002FA54 /* Debug */ = {
			isa = XCBuildConfiguration;
			baseConfigurationReference = E5032A05A3AB09F38ECAF5B0 /* Pods-DynamicHeightBanner.debug.xcconfig */;
			buildSettings = {
				ASSETCATALOG_COMPILER_APPICON_NAME = AppIcon;
				CODE_SIGN_STYLE = Automatic;
				DEVELOPMENT_TEAM = 5375HS528S;
				INFOPLIST_FILE = DynamicHeightBanner/Info.plist;
				LD_RUNPATH_SEARCH_PATHS = (
					"$(inherited)",
					"@executable_path/Frameworks",
				);
				PRODUCT_BUNDLE_IDENTIFIER = com.shushangyun.DynamicHeightBanner;
				PRODUCT_NAME = "$(TARGET_NAME)";
				SWIFT_VERSION = 4.2;
				TARGETED_DEVICE_FAMILY = "1,2";
			};
			name = Debug;
		};
		A49A683821D731960002FA54 /* Release */ = {
			isa = XCBuildConfiguration;
			baseConfigurationReference = 2DD6C4A555FBE0F2BDC97495 /* Pods-DynamicHeightBanner.release.xcconfig */;
			buildSettings = {
				ASSETCATALOG_COMPILER_APPICON_NAME = AppIcon;
				CODE_SIGN_STYLE = Automatic;
				DEVELOPMENT_TEAM = 5375HS528S;
				INFOPLIST_FILE = DynamicHeightBanner/Info.plist;
				LD_RUNPATH_SEARCH_PATHS = (
					"$(inherited)",
					"@executable_path/Frameworks",
				);
				PRODUCT_BUNDLE_IDENTIFIER = com.shushangyun.DynamicHeightBanner;
				PRODUCT_NAME = "$(TARGET_NAME)";
				SWIFT_VERSION = 4.2;
				TARGETED_DEVICE_FAMILY = "1,2";
			};
			name = Release;
		};
/* End XCBuildConfiguration section */

/* Begin XCConfigurationList section */
		A49A681F21D731940002FA54 /* Build configuration list for PBXProject "DynamicHeightBanner" */ = {
			isa = XCConfigurationList;
			buildConfigurations = (
				A49A683421D731960002FA54 /* Debug */,
				A49A683521D731960002FA54 /* Release */,
			);
			defaultConfigurationIsVisible = 0;
			defaultConfigurationName = Release;
		};
		A49A683621D731960002FA54 /* Build configuration list for PBXNativeTarget "DynamicHeightBanner" */ = {
			isa = XCConfigurationList;
			buildConfigurations = (
				A49A683721D731960002FA54 /* Debug */,
				A49A683821D731960002FA54 /* Release */,
			);
			defaultConfigurationIsVisible = 0;
			defaultConfigurationName = Release;
		};
/* End XCConfigurationList section */
	};
	rootObject = A49A681C21D731940002FA54 /* Project object */;
}
